// !$*UTF8*$!
{
	archiveVersion = 1;
	classes = {
	};
	objectVersion = 46;
	objects = {

/* Begin PBXBuildFile section */
		1236DBFA1CE0378A009DEE1F /* EmotoTableViewCell.swift in Sources */ = {isa = PBXBuildFile; fileRef = 1236DBF91CE0378A009DEE1F /* EmotoTableViewCell.swift */; };
		1236DBFC1CE037E9009DEE1F /* EmotoTableViewController.swift in Sources */ = {isa = PBXBuildFile; fileRef = 1236DBFB1CE037E9009DEE1F /* EmotoTableViewController.swift */; };
		127AF75A1CDD53E900910EFB /* CopresenceTableViewCell.swift in Sources */ = {isa = PBXBuildFile; fileRef = 127AF7591CDD53E900910EFB /* CopresenceTableViewCell.swift */; };
		8300E4511CE4DAD500F4C4BC /* Decoder.swift in Sources */ = {isa = PBXBuildFile; fileRef = 8300E44A1CE4DAD500F4C4BC /* Decoder.swift */; };
		8300E4521CE4DAD500F4C4BC /* Encoder.swift in Sources */ = {isa = PBXBuildFile; fileRef = 8300E44B1CE4DAD500F4C4BC /* Encoder.swift */; };
		8300E4531CE4DAD500F4C4BC /* ExtensionArray.swift in Sources */ = {isa = PBXBuildFile; fileRef = 8300E44C1CE4DAD500F4C4BC /* ExtensionArray.swift */; };
		8300E4541CE4DAD500F4C4BC /* ExtensionDictionary.swift in Sources */ = {isa = PBXBuildFile; fileRef = 8300E44D1CE4DAD500F4C4BC /* ExtensionDictionary.swift */; };
		8300E4551CE4DAD500F4C4BC /* Gloss.swift in Sources */ = {isa = PBXBuildFile; fileRef = 8300E44F1CE4DAD500F4C4BC /* Gloss.swift */; };
		8300E4561CE4DAD500F4C4BC /* Operators.swift in Sources */ = {isa = PBXBuildFile; fileRef = 8300E4501CE4DAD500F4C4BC /* Operators.swift */; };
		8300E45A1CE4DB8700F4C4BC /* EmotoAPI.swift in Sources */ = {isa = PBXBuildFile; fileRef = 8300E4591CE4DB8700F4C4BC /* EmotoAPI.swift */; };
		8309F5E51CEBB6FB00A32F24 /* CoreLocation.framework in Frameworks */ = {isa = PBXBuildFile; fileRef = 8309F5E41CEBB6FB00A32F24 /* CoreLocation.framework */; };
		8309F5E91CECDC1300A32F24 /* PairingViewController.swift in Sources */ = {isa = PBXBuildFile; fileRef = 8309F5E81CECDC1300A32F24 /* PairingViewController.swift */; };
		8309F5EC1CED5B6400A32F24 /* libFlurry_7.6.3.a in Frameworks */ = {isa = PBXBuildFile; fileRef = 8309F5EB1CED5B6400A32F24 /* libFlurry_7.6.3.a */; };
		8309F5F31CED5D2B00A32F24 /* SystemConfiguration.framework in Frameworks */ = {isa = PBXBuildFile; fileRef = 8309F5F01CED5C3F00A32F24 /* SystemConfiguration.framework */; };
		8309F5F51CED5FC500A32F24 /* Security.framework in Frameworks */ = {isa = PBXBuildFile; fileRef = 8309F5EE1CED5C3600A32F24 /* Security.framework */; };
		8313E0C71CE78FD900304339 /* UserProfile.swift in Sources */ = {isa = PBXBuildFile; fileRef = 8313E0C61CE78FD900304339 /* UserProfile.swift */; };
		83213B0F1CEAAF4300430F70 /* Emoto.swift in Sources */ = {isa = PBXBuildFile; fileRef = 83213B0E1CEAAF4300430F70 /* Emoto.swift */; };
		83BFAEBD1CD1D24D00C9F7C0 /* AppDelegate.swift in Sources */ = {isa = PBXBuildFile; fileRef = 83BFAEBC1CD1D24D00C9F7C0 /* AppDelegate.swift */; };
		83BFAEC21CD1D24D00C9F7C0 /* Main.storyboard in Resources */ = {isa = PBXBuildFile; fileRef = 83BFAEC01CD1D24D00C9F7C0 /* Main.storyboard */; };
		83BFAEC41CD1D24D00C9F7C0 /* Assets.xcassets in Resources */ = {isa = PBXBuildFile; fileRef = 83BFAEC31CD1D24D00C9F7C0 /* Assets.xcassets */; };
		83BFAEC71CD1D24D00C9F7C0 /* LaunchScreen.storyboard in Resources */ = {isa = PBXBuildFile; fileRef = 83BFAEC51CD1D24D00C9F7C0 /* LaunchScreen.storyboard */; };
		83CB6C371CED952E00F4E9E4 /* DateExtension.swift in Sources */ = {isa = PBXBuildFile; fileRef = 83CB6C361CED952E00F4E9E4 /* DateExtension.swift */; };
		83D231B01CD9CCC50033862F /* MessageStreamViewController.swift in Sources */ = {isa = PBXBuildFile; fileRef = 83D231AF1CD9CCC50033862F /* MessageStreamViewController.swift */; };
		83D94A301CDD3A7500D41D4D /* Message.swift in Sources */ = {isa = PBXBuildFile; fileRef = 83D94A2F1CDD3A7500D41D4D /* Message.swift */; };
		83D94A321CDD442100D41D4D /* MessageStreamTableViewCell.swift in Sources */ = {isa = PBXBuildFile; fileRef = 83D94A311CDD442100D41D4D /* MessageStreamTableViewCell.swift */; };
/* End PBXBuildFile section */

/* Begin PBXFileReference section */
		1236DBF91CE0378A009DEE1F /* EmotoTableViewCell.swift */ = {isa = PBXFileReference; fileEncoding = 4; lastKnownFileType = sourcecode.swift; path = EmotoTableViewCell.swift; sourceTree = "<group>"; };
		1236DBFB1CE037E9009DEE1F /* EmotoTableViewController.swift */ = {isa = PBXFileReference; fileEncoding = 4; lastKnownFileType = sourcecode.swift; path = EmotoTableViewController.swift; sourceTree = "<group>"; };
		127AF7591CDD53E900910EFB /* CopresenceTableViewCell.swift */ = {isa = PBXFileReference; fileEncoding = 4; lastKnownFileType = sourcecode.swift; path = CopresenceTableViewCell.swift; sourceTree = "<group>"; };
		8300E44A1CE4DAD500F4C4BC /* Decoder.swift */ = {isa = PBXFileReference; fileEncoding = 4; lastKnownFileType = sourcecode.swift; name = Decoder.swift; path = Gloss/Decoder.swift; sourceTree = "<group>"; };
		8300E44B1CE4DAD500F4C4BC /* Encoder.swift */ = {isa = PBXFileReference; fileEncoding = 4; lastKnownFileType = sourcecode.swift; name = Encoder.swift; path = Gloss/Encoder.swift; sourceTree = "<group>"; };
		8300E44C1CE4DAD500F4C4BC /* ExtensionArray.swift */ = {isa = PBXFileReference; fileEncoding = 4; lastKnownFileType = sourcecode.swift; name = ExtensionArray.swift; path = Gloss/ExtensionArray.swift; sourceTree = "<group>"; };
		8300E44D1CE4DAD500F4C4BC /* ExtensionDictionary.swift */ = {isa = PBXFileReference; fileEncoding = 4; lastKnownFileType = sourcecode.swift; name = ExtensionDictionary.swift; path = Gloss/ExtensionDictionary.swift; sourceTree = "<group>"; };
		8300E44E1CE4DAD500F4C4BC /* Gloss.h */ = {isa = PBXFileReference; fileEncoding = 4; lastKnownFileType = sourcecode.c.h; name = Gloss.h; path = Gloss/Gloss.h; sourceTree = "<group>"; };
		8300E44F1CE4DAD500F4C4BC /* Gloss.swift */ = {isa = PBXFileReference; fileEncoding = 4; lastKnownFileType = sourcecode.swift; name = Gloss.swift; path = Gloss/Gloss.swift; sourceTree = "<group>"; };
		8300E4501CE4DAD500F4C4BC /* Operators.swift */ = {isa = PBXFileReference; fileEncoding = 4; lastKnownFileType = sourcecode.swift; name = Operators.swift; path = Gloss/Operators.swift; sourceTree = "<group>"; };
		8300E4591CE4DB8700F4C4BC /* EmotoAPI.swift */ = {isa = PBXFileReference; fileEncoding = 4; lastKnownFileType = sourcecode.swift; path = EmotoAPI.swift; sourceTree = "<group>"; };
		8309F5E41CEBB6FB00A32F24 /* CoreLocation.framework */ = {isa = PBXFileReference; lastKnownFileType = wrapper.framework; name = CoreLocation.framework; path = System/Library/Frameworks/CoreLocation.framework; sourceTree = SDKROOT; };
		8309F5E81CECDC1300A32F24 /* PairingViewController.swift */ = {isa = PBXFileReference; fileEncoding = 4; lastKnownFileType = sourcecode.swift; name = PairingViewController.swift; path = ../PairingViewController.swift; sourceTree = "<group>"; };
		8309F5EB1CED5B6400A32F24 /* libFlurry_7.6.3.a */ = {isa = PBXFileReference; lastKnownFileType = archive.ar; name = libFlurry_7.6.3.a; path = Flurry/libFlurry_7.6.3.a; sourceTree = "<group>"; };
		8309F5EE1CED5C3600A32F24 /* Security.framework */ = {isa = PBXFileReference; lastKnownFileType = wrapper.framework; name = Security.framework; path = System/Library/Frameworks/Security.framework; sourceTree = SDKROOT; };
		8309F5F01CED5C3F00A32F24 /* SystemConfiguration.framework */ = {isa = PBXFileReference; lastKnownFileType = wrapper.framework; name = SystemConfiguration.framework; path = System/Library/Frameworks/SystemConfiguration.framework; sourceTree = SDKROOT; };
		8309F5F61CED601C00A32F24 /* Flurry.h */ = {isa = PBXFileReference; fileEncoding = 4; lastKnownFileType = sourcecode.c.h; name = Flurry.h; path = Flurry/Flurry.h; sourceTree = "<group>"; };
		8309F5F71CED604F00A32F24 /* Emoto-Bridge.h */ = {isa = PBXFileReference; lastKnownFileType = sourcecode.c.h; path = "Emoto-Bridge.h"; sourceTree = "<group>"; };
		8313E0C61CE78FD900304339 /* UserProfile.swift */ = {isa = PBXFileReference; fileEncoding = 4; lastKnownFileType = sourcecode.swift; path = UserProfile.swift; sourceTree = "<group>"; };
		83213B0E1CEAAF4300430F70 /* Emoto.swift */ = {isa = PBXFileReference; fileEncoding = 4; lastKnownFileType = sourcecode.swift; path = Emoto.swift; sourceTree = "<group>"; };
		83BFAEB91CD1D24D00C9F7C0 /* Emoto.app */ = {isa = PBXFileReference; explicitFileType = wrapper.application; includeInIndex = 0; path = Emoto.app; sourceTree = BUILT_PRODUCTS_DIR; };
		83BFAEBC1CD1D24D00C9F7C0 /* AppDelegate.swift */ = {isa = PBXFileReference; lastKnownFileType = sourcecode.swift; path = AppDelegate.swift; sourceTree = "<group>"; };
		83BFAEC11CD1D24D00C9F7C0 /* Base */ = {isa = PBXFileReference; lastKnownFileType = file.storyboard; name = Base; path = Base.lproj/Main.storyboard; sourceTree = "<group>"; };
		83BFAEC31CD1D24D00C9F7C0 /* Assets.xcassets */ = {isa = PBXFileReference; lastKnownFileType = folder.assetcatalog; path = Assets.xcassets; sourceTree = "<group>"; };
		83BFAEC61CD1D24D00C9F7C0 /* Base */ = {isa = PBXFileReference; lastKnownFileType = file.storyboard; name = Base; path = Base.lproj/LaunchScreen.storyboard; sourceTree = "<group>"; };
		83BFAEC81CD1D24D00C9F7C0 /* Info.plist */ = {isa = PBXFileReference; lastKnownFileType = text.plist.xml; path = Info.plist; sourceTree = "<group>"; };
		83CB6C361CED952E00F4E9E4 /* DateExtension.swift */ = {isa = PBXFileReference; fileEncoding = 4; lastKnownFileType = sourcecode.swift; path = DateExtension.swift; sourceTree = "<group>"; };
		83D231AF1CD9CCC50033862F /* MessageStreamViewController.swift */ = {isa = PBXFileReference; fileEncoding = 4; lastKnownFileType = sourcecode.swift; path = MessageStreamViewController.swift; sourceTree = "<group>"; };
		83D94A2F1CDD3A7500D41D4D /* Message.swift */ = {isa = PBXFileReference; fileEncoding = 4; lastKnownFileType = sourcecode.swift; path = Message.swift; sourceTree = "<group>"; };
		83D94A311CDD442100D41D4D /* MessageStreamTableViewCell.swift */ = {isa = PBXFileReference; fileEncoding = 4; lastKnownFileType = sourcecode.swift; path = MessageStreamTableViewCell.swift; sourceTree = "<group>"; };
/* End PBXFileReference section */

/* Begin PBXFrameworksBuildPhase section */
		83BFAEB61CD1D24D00C9F7C0 /* Frameworks */ = {
			isa = PBXFrameworksBuildPhase;
			buildActionMask = 2147483647;
			files = (
				8309F5F51CED5FC500A32F24 /* Security.framework in Frameworks */,
				8309F5F31CED5D2B00A32F24 /* SystemConfiguration.framework in Frameworks */,
				8309F5EC1CED5B6400A32F24 /* libFlurry_7.6.3.a in Frameworks */,
				8309F5E51CEBB6FB00A32F24 /* CoreLocation.framework in Frameworks */,
			);
			runOnlyForDeploymentPostprocessing = 0;
		};
/* End PBXFrameworksBuildPhase section */

/* Begin PBXGroup section */
		83BFAEB01CD1D24D00C9F7C0 = {
			isa = PBXGroup;
			children = (
				8309F5F01CED5C3F00A32F24 /* SystemConfiguration.framework */,
				8309F5EE1CED5C3600A32F24 /* Security.framework */,
				8309F5E41CEBB6FB00A32F24 /* CoreLocation.framework */,
				83BFAEBB1CD1D24D00C9F7C0 /* Emoto */,
				83BFAEBA1CD1D24D00C9F7C0 /* Products */,
			);
			sourceTree = "<group>";
		};
		83BFAEBA1CD1D24D00C9F7C0 /* Products */ = {
			isa = PBXGroup;
			children = (
				83BFAEB91CD1D24D00C9F7C0 /* Emoto.app */,
			);
			name = Products;
			sourceTree = "<group>";
		};
		83BFAEBB1CD1D24D00C9F7C0 /* Emoto */ = {
			isa = PBXGroup;
			children = (
				8309F5F61CED601C00A32F24 /* Flurry.h */,
				8309F5EB1CED5B6400A32F24 /* libFlurry_7.6.3.a */,
				8309F5E81CECDC1300A32F24 /* PairingViewController.swift */,
				8300E44A1CE4DAD500F4C4BC /* Decoder.swift */,
				8300E44B1CE4DAD500F4C4BC /* Encoder.swift */,
				8300E44C1CE4DAD500F4C4BC /* ExtensionArray.swift */,
				8300E44D1CE4DAD500F4C4BC /* ExtensionDictionary.swift */,
				8300E44E1CE4DAD500F4C4BC /* Gloss.h */,
				8300E44F1CE4DAD500F4C4BC /* Gloss.swift */,
				8300E4501CE4DAD500F4C4BC /* Operators.swift */,
				83BFAEBC1CD1D24D00C9F7C0 /* AppDelegate.swift */,
				83BFAEC01CD1D24D00C9F7C0 /* Main.storyboard */,
				83BFAEC31CD1D24D00C9F7C0 /* Assets.xcassets */,
				83BFAEC51CD1D24D00C9F7C0 /* LaunchScreen.storyboard */,
				83BFAEC81CD1D24D00C9F7C0 /* Info.plist */,
				127AF7591CDD53E900910EFB /* CopresenceTableViewCell.swift */,
				83D94A311CDD442100D41D4D /* MessageStreamTableViewCell.swift */,
				83D231AF1CD9CCC50033862F /* MessageStreamViewController.swift */,
				83CB6C361CED952E00F4E9E4 /* DateExtension.swift */,
				83213B0E1CEAAF4300430F70 /* Emoto.swift */,
				83D94A2F1CDD3A7500D41D4D /* Message.swift */,
				8313E0C61CE78FD900304339 /* UserProfile.swift */,
				8300E4591CE4DB8700F4C4BC /* EmotoAPI.swift */,
				1236DBF91CE0378A009DEE1F /* EmotoTableViewCell.swift */,
				1236DBFB1CE037E9009DEE1F /* EmotoTableViewController.swift */,
				8309F5F71CED604F00A32F24 /* Emoto-Bridge.h */,
			);
			path = Emoto;
			sourceTree = "<group>";
		};
/* End PBXGroup section */

/* Begin PBXNativeTarget section */
		83BFAEB81CD1D24D00C9F7C0 /* Emoto */ = {
			isa = PBXNativeTarget;
			buildConfigurationList = 83BFAECB1CD1D24D00C9F7C0 /* Build configuration list for PBXNativeTarget "Emoto" */;
			buildPhases = (
				83BFAEB51CD1D24D00C9F7C0 /* Sources */,
				83BFAEB61CD1D24D00C9F7C0 /* Frameworks */,
				83BFAEB71CD1D24D00C9F7C0 /* Resources */,
			);
			buildRules = (
			);
			dependencies = (
			);
			name = Emoto;
			productName = Emoto;
			productReference = 83BFAEB91CD1D24D00C9F7C0 /* Emoto.app */;
			productType = "com.apple.product-type.application";
		};
/* End PBXNativeTarget section */

/* Begin PBXProject section */
		83BFAEB11CD1D24D00C9F7C0 /* Project object */ = {
			isa = PBXProject;
			attributes = {
				LastSwiftUpdateCheck = 0730;
				LastUpgradeCheck = 0730;
				ORGANIZATIONNAME = "Chris Proctor";
				TargetAttributes = {
					83BFAEB81CD1D24D00C9F7C0 = {
						CreatedOnToolsVersion = 7.3;
						DevelopmentTeam = B4LEP89D5M;
						SystemCapabilities = {
							com.apple.BackgroundModes = {
								enabled = 1;
							};
							com.apple.Push = {
								enabled = 1;
							};
						};
					};
				};
			};
			buildConfigurationList = 83BFAEB41CD1D24D00C9F7C0 /* Build configuration list for PBXProject "Emoto" */;
			compatibilityVersion = "Xcode 3.2";
			developmentRegion = English;
			hasScannedForEncodings = 0;
			knownRegions = (
				en,
				Base,
			);
			mainGroup = 83BFAEB01CD1D24D00C9F7C0;
			productRefGroup = 83BFAEBA1CD1D24D00C9F7C0 /* Products */;
			projectDirPath = "";
			projectRoot = "";
			targets = (
				83BFAEB81CD1D24D00C9F7C0 /* Emoto */,
			);
		};
/* End PBXProject section */

/* Begin PBXResourcesBuildPhase section */
		83BFAEB71CD1D24D00C9F7C0 /* Resources */ = {
			isa = PBXResourcesBuildPhase;
			buildActionMask = 2147483647;
			files = (
				83BFAEC71CD1D24D00C9F7C0 /* LaunchScreen.storyboard in Resources */,
				83BFAEC41CD1D24D00C9F7C0 /* Assets.xcassets in Resources */,
				83BFAEC21CD1D24D00C9F7C0 /* Main.storyboard in Resources */,
			);
			runOnlyForDeploymentPostprocessing = 0;
		};
/* End PBXResourcesBuildPhase section */

/* Begin PBXSourcesBuildPhase section */
		83BFAEB51CD1D24D00C9F7C0 /* Sources */ = {
			isa = PBXSourcesBuildPhase;
			buildActionMask = 2147483647;
			files = (
				83D231B01CD9CCC50033862F /* MessageStreamViewController.swift in Sources */,
				1236DBFA1CE0378A009DEE1F /* EmotoTableViewCell.swift in Sources */,
				83D94A301CDD3A7500D41D4D /* Message.swift in Sources */,
				8313E0C71CE78FD900304339 /* UserProfile.swift in Sources */,
				8300E4541CE4DAD500F4C4BC /* ExtensionDictionary.swift in Sources */,
				83213B0F1CEAAF4300430F70 /* Emoto.swift in Sources */,
				8309F5E91CECDC1300A32F24 /* PairingViewController.swift in Sources */,
				127AF75A1CDD53E900910EFB /* CopresenceTableViewCell.swift in Sources */,
				83D94A321CDD442100D41D4D /* MessageStreamTableViewCell.swift in Sources */,
				8300E4551CE4DAD500F4C4BC /* Gloss.swift in Sources */,
				83BFAEBD1CD1D24D00C9F7C0 /* AppDelegate.swift in Sources */,
				8300E45A1CE4DB8700F4C4BC /* EmotoAPI.swift in Sources */,
				8300E4511CE4DAD500F4C4BC /* Decoder.swift in Sources */,
				83CB6C371CED952E00F4E9E4 /* DateExtension.swift in Sources */,
				8300E4561CE4DAD500F4C4BC /* Operators.swift in Sources */,
				8300E4521CE4DAD500F4C4BC /* Encoder.swift in Sources */,
				1236DBFC1CE037E9009DEE1F /* EmotoTableViewController.swift in Sources */,
				8300E4531CE4DAD500F4C4BC /* ExtensionArray.swift in Sources */,
			);
			runOnlyForDeploymentPostprocessing = 0;
		};
/* End PBXSourcesBuildPhase section */

/* Begin PBXVariantGroup section */
		83BFAEC01CD1D24D00C9F7C0 /* Main.storyboard */ = {
			isa = PBXVariantGroup;
			children = (
				83BFAEC11CD1D24D00C9F7C0 /* Base */,
			);
			name = Main.storyboard;
			sourceTree = "<group>";
		};
		83BFAEC51CD1D24D00C9F7C0 /* LaunchScreen.storyboard */ = {
			isa = PBXVariantGroup;
			children = (
				83BFAEC61CD1D24D00C9F7C0 /* Base */,
			);
			name = LaunchScreen.storyboard;
			sourceTree = "<group>";
		};
/* End PBXVariantGroup section */

/* Begin XCBuildConfiguration section */
		83BFAEC91CD1D24D00C9F7C0 /* Debug */ = {
			isa = XCBuildConfiguration;
			buildSettings = {
				ALWAYS_SEARCH_USER_PATHS = NO;
				CLANG_ANALYZER_NONNULL = YES;
				CLANG_CXX_LANGUAGE_STANDARD = "gnu++0x";
				CLANG_CXX_LIBRARY = "libc++";
				CLANG_ENABLE_MODULES = YES;
				CLANG_ENABLE_OBJC_ARC = YES;
				CLANG_WARN_BOOL_CONVERSION = YES;
				CLANG_WARN_CONSTANT_CONVERSION = YES;
				CLANG_WARN_DIRECT_OBJC_ISA_USAGE = YES_ERROR;
				CLANG_WARN_EMPTY_BODY = YES;
				CLANG_WARN_ENUM_CONVERSION = YES;
				CLANG_WARN_INT_CONVERSION = YES;
				CLANG_WARN_OBJC_ROOT_CLASS = YES_ERROR;
				CLANG_WARN_UNREACHABLE_CODE = YES;
				CLANG_WARN__DUPLICATE_METHOD_MATCH = YES;
				"CODE_SIGN_IDENTITY[sdk=iphoneos*]" = "iPhone Developer";
				COPY_PHASE_STRIP = NO;
				DEBUG_INFORMATION_FORMAT = dwarf;
				ENABLE_STRICT_OBJC_MSGSEND = YES;
				ENABLE_TESTABILITY = YES;
				GCC_C_LANGUAGE_STANDARD = gnu99;
				GCC_DYNAMIC_NO_PIC = NO;
				GCC_NO_COMMON_BLOCKS = YES;
				GCC_OPTIMIZATION_LEVEL = 0;
				GCC_PREPROCESSOR_DEFINITIONS = (
					"DEBUG=1",
					"$(inherited)",
				);
				GCC_WARN_64_TO_32_BIT_CONVERSION = YES;
				GCC_WARN_ABOUT_RETURN_TYPE = YES_ERROR;
				GCC_WARN_UNDECLARED_SELECTOR = YES;
				GCC_WARN_UNINITIALIZED_AUTOS = YES_AGGRESSIVE;
				GCC_WARN_UNUSED_FUNCTION = YES;
				GCC_WARN_UNUSED_VARIABLE = YES;
				IPHONEOS_DEPLOYMENT_TARGET = 9.3;
				MTL_ENABLE_DEBUG_INFO = YES;
				ONLY_ACTIVE_ARCH = YES;
				SDKROOT = iphoneos;
				SWIFT_OPTIMIZATION_LEVEL = "-Onone";
				TARGETED_DEVICE_FAMILY = "1,2";
			};
			name = Debug;
		};
		83BFAECA1CD1D24D00C9F7C0 /* Release */ = {
			isa = XCBuildConfiguration;
			buildSettings = {
				ALWAYS_SEARCH_USER_PATHS = NO;
				CLANG_ANALYZER_NONNULL = YES;
				CLANG_CXX_LANGUAGE_STANDARD = "gnu++0x";
				CLANG_CXX_LIBRARY = "libc++";
				CLANG_ENABLE_MODULES = YES;
				CLANG_ENABLE_OBJC_ARC = YES;
				CLANG_WARN_BOOL_CONVERSION = YES;
				CLANG_WARN_CONSTANT_CONVERSION = YES;
				CLANG_WARN_DIRECT_OBJC_ISA_USAGE = YES_ERROR;
				CLANG_WARN_EMPTY_BODY = YES;
				CLANG_WARN_ENUM_CONVERSION = YES;
				CLANG_WARN_INT_CONVERSION = YES;
				CLANG_WARN_OBJC_ROOT_CLASS = YES_ERROR;
				CLANG_WARN_UNREACHABLE_CODE = YES;
				CLANG_WARN__DUPLICATE_METHOD_MATCH = YES;
				"CODE_SIGN_IDENTITY[sdk=iphoneos*]" = "iPhone Developer";
				COPY_PHASE_STRIP = NO;
				DEBUG_INFORMATION_FORMAT = "dwarf-with-dsym";
				ENABLE_NS_ASSERTIONS = NO;
				ENABLE_STRICT_OBJC_MSGSEND = YES;
				GCC_C_LANGUAGE_STANDARD = gnu99;
				GCC_NO_COMMON_BLOCKS = YES;
				GCC_WARN_64_TO_32_BIT_CONVERSION = YES;
				GCC_WARN_ABOUT_RETURN_TYPE = YES_ERROR;
				GCC_WARN_UNDECLARED_SELECTOR = YES;
				GCC_WARN_UNINITIALIZED_AUTOS = YES_AGGRESSIVE;
				GCC_WARN_UNUSED_FUNCTION = YES;
				GCC_WARN_UNUSED_VARIABLE = YES;
				IPHONEOS_DEPLOYMENT_TARGET = 9.3;
				MTL_ENABLE_DEBUG_INFO = NO;
				SDKROOT = iphoneos;
				TARGETED_DEVICE_FAMILY = "1,2";
				VALIDATE_PRODUCT = YES;
			};
			name = Release;
		};
		83BFAECC1CD1D24D00C9F7C0 /* Debug */ = {
			isa = XCBuildConfiguration;
			buildSettings = {
				ASSETCATALOG_COMPILER_APPICON_NAME = AppIcon;
				CODE_SIGN_IDENTITY = "iPhone Developer";
				"CODE_SIGN_IDENTITY[sdk=iphoneos*]" = "iPhone Developer";
				INFOPLIST_FILE = Emoto/Info.plist;
				LD_RUNPATH_SEARCH_PATHS = "$(inherited) @executable_path/Frameworks";
				LIBRARY_SEARCH_PATHS = (
					"$(inherited)",
					"$(PROJECT_DIR)/Emoto/Flurry",
				);
				PRODUCT_BUNDLE_IDENTIFIER = net.chrisproctor.emoto.Emoto;
				PRODUCT_NAME = "$(TARGET_NAME)";
				PROVISIONING_PROFILE = "";
				SWIFT_OBJC_BRIDGING_HEADER = "Emoto/Emoto-Bridge.h";
			};
			name = Debug;
		};
		83BFAECD1CD1D24D00C9F7C0 /* Release */ = {
			isa = XCBuildConfiguration;
			buildSettings = {
				ASSETCATALOG_COMPILER_APPICON_NAME = AppIcon;
				CODE_SIGN_IDENTITY = "iPhone Developer";
				"CODE_SIGN_IDENTITY[sdk=iphoneos*]" = "iPhone Developer";
				INFOPLIST_FILE = Emoto/Info.plist;
				LD_RUNPATH_SEARCH_PATHS = "$(inherited) @executable_path/Frameworks";
				LIBRARY_SEARCH_PATHS = (
					"$(inherited)",
					"$(PROJECT_DIR)/Emoto/Flurry",
				);
				PRODUCT_BUNDLE_IDENTIFIER = net.chrisproctor.emoto.Emoto;
				PRODUCT_NAME = "$(TARGET_NAME)";
				PROVISIONING_PROFILE = "";
				SWIFT_OBJC_BRIDGING_HEADER = "Emoto/Emoto-Bridge.h";
			};
			name = Release;
		};
/* End XCBuildConfiguration section */

/* Begin XCConfigurationList section */
		83BFAEB41CD1D24D00C9F7C0 /* Build configuration list for PBXProject "Emoto" */ = {
			isa = XCConfigurationList;
			buildConfigurations = (
				83BFAEC91CD1D24D00C9F7C0 /* Debug */,
				83BFAECA1CD1D24D00C9F7C0 /* Release */,
			);
			defaultConfigurationIsVisible = 0;
			defaultConfigurationName = Release;
		};
		83BFAECB1CD1D24D00C9F7C0 /* Build configuration list for PBXNativeTarget "Emoto" */ = {
			isa = XCConfigurationList;
			buildConfigurations = (
				83BFAECC1CD1D24D00C9F7C0 /* Debug */,
				83BFAECD1CD1D24D00C9F7C0 /* Release */,
			);
			defaultConfigurationIsVisible = 0;
			defaultConfigurationName = Release;
		};
/* End XCConfigurationList section */
	};
	rootObject = 83BFAEB11CD1D24D00C9F7C0 /* Project object */;
}
